Microsoft Visual Studio Solution File, Format Version 8.00
Project("{8BC9CEB8-8B4A-11D0-8D11-00A0C91BC942}") = "algorithm_graphic", "algorithm_graphic.vcproj", "{CF6B35FD-36DA-4BC9-BCB7-A0967A3CA957}"
	ProjectSection(ProjectDependencies) = postProject
		{01A8BF41-0CC1-4819-A466-C6AD2D7C8F49} = {01A8BF41-0CC1-4819-A466-C6AD2D7C8F49}
		{B218CA72-3779-4C83-B41B-36069A65CBCB} = {B218CA72-3779-4C83-B41B-36069A65CBCB}
		{9A651174-5FD7-4403-B8A8-5E5D908515F8} = {9A651174-5FD7-4403-B8A8-5E5D908515F8}
	EndProjectSection
EndProject
Project("{8BC9CEB8-8B4A-11D0-8D11-00A0C91BC942}") = "platform", "..\..\..\platform\win32\project\platform.vcproj", "{B218CA72-3779-4C83-B41B-36069A65CBCB}"
	ProjectSection(ProjectDependencies) = postProject
	EndProjectSection
EndProject
Project("{8BC9CEB8-8B4A-11D0-8D11-00A0C91BC942}") = "algorithm", "algorithm.vcproj", "{01A8BF41-0CC1-4819-A466-C6AD2D7C8F49}"
	ProjectSection(ProjectDependencies) = postProject
	EndProjectSection
EndProject
Project("{8BC9CEB8-8B4A-11D0-8D11-00A0C91BC942}") = "utility", "..\..\..\utility\project\vs2003\utility.vcproj", "{9A651174-5FD7-4403-B8A8-5E5D908515F8}"
	ProjectSection(ProjectDependencies) = postProject
	EndProjectSection
EndProject
Global
	GlobalSection(SolutionConfiguration) = preSolution
		Debug = Debug
		Release = Release
	EndGlobalSection
	GlobalSection(ProjectConfiguration) = postSolution
		{CF6B35FD-36DA-4BC9-BCB7-A0967A3CA957}.Debug.ActiveCfg = Debug|Win32
		{CF6B35FD-36DA-4BC9-BCB7-A0967A3CA957}.Debug.Build.0 = Debug|Win32
		{CF6B35FD-36DA-4BC9-BCB7-A0967A3CA957}.Release.ActiveCfg = Release|Win32
		{CF6B35FD-36DA-4BC9-BCB7-A0967A3CA957}.Release.Build.0 = Release|Win32
		{B218CA72-3779-4C83-B41B-36069A65CBCB}.Debug.ActiveCfg = Debug|Win32
		{B218CA72-3779-4C83-B41B-36069A65CBCB}.Debug.Build.0 = Debug|Win32
		{B218CA72-3779-4C83-B41B-36069A65CBCB}.Release.ActiveCfg = Release|Win32
		{B218CA72-3779-4C83-B41B-36069A65CBCB}.Release.Build.0 = Release|Win32
		{01A8BF41-0CC1-4819-A466-C6AD2D7C8F49}.Debug.ActiveCfg = Debug|Win32
		{01A8BF41-0CC1-4819-A466-C6AD2D7C8F49}.Debug.Build.0 = Debug|Win32
		{01A8BF41-0CC1-4819-A466-C6AD2D7C8F49}.Release.ActiveCfg = Release|Win32
		{01A8BF41-0CC1-4819-A466-C6AD2D7C8F49}.Release.Build.0 = Release|Win32
		{9A651174-5FD7-4403-B8A8-5E5D908515F8}.Debug.ActiveCfg = Debug|Win32
		{9A651174-5FD7-4403-B8A8-5E5D908515F8}.Debug.Build.0 = Debug|Win32
		{9A651174-5FD7-4403-B8A8-5E5D908515F8}.Release.ActiveCfg = Release|Win32
		{9A651174-5FD7-4403-B8A8-5E5D908515F8}.Release.Build.0 = Release|Win32
	EndGlobalSection
	GlobalSection(ExtensibilityGlobals) = postSolution
	EndGlobalSection
	GlobalSection(ExtensibilityAddIns) = postSolution
	EndGlobalSection
EndGlobal
