// !$*UTF8*$!
{
	archiveVersion = 1;
	classes = {
	};
	objectVersion = 46;
	objects = {

/* Begin PBXBuildFile section */
		6C8600031521A2A20086B538 /* AppDelegate.m in Sources */ = {isa = PBXBuildFile; fileRef = 6C8600021521A2A20086B538 /* AppDelegate.m */; };
		6C86000A1521A3260086B538 /* Default.png in Resources */ = {isa = PBXBuildFile; fileRef = 6C8600091521A3260086B538 /* Default.png */; };
		6C86000C1521A3390086B538 /* Icon.png in Resources */ = {isa = PBXBuildFile; fileRef = 6C86000B1521A3390086B538 /* Icon.png */; };
		6C86FFF31521A2A20086B538 /* UIKit.framework in Frameworks */ = {isa = PBXBuildFile; fileRef = 6C86FFF21521A2A20086B538 /* UIKit.framework */; };
		6C86FFF51521A2A20086B538 /* Foundation.framework in Frameworks */ = {isa = PBXBuildFile; fileRef = 6C86FFF41521A2A20086B538 /* Foundation.framework */; };
		6C86FFF71521A2A20086B538 /* CoreGraphics.framework in Frameworks */ = {isa = PBXBuildFile; fileRef = 6C86FFF61521A2A20086B538 /* CoreGraphics.framework */; };
		6C86FFFD1521A2A20086B538 /* InfoPlist.strings in Resources */ = {isa = PBXBuildFile; fileRef = 6C86FFFB1521A2A20086B538 /* InfoPlist.strings */; };
		6C86FFFF1521A2A20086B538 /* main.m in Sources */ = {isa = PBXBuildFile; fileRef = 6C86FFFE1521A2A20086B538 /* main.m */; };
/* End PBXBuildFile section */

/* Begin PBXFileReference section */
		6C8600001521A2A20086B538 /* Demo-Prefix.pch */ = {isa = PBXFileReference; lastKnownFileType = sourcecode.c.h; path = "Demo-Prefix.pch"; sourceTree = "<group>"; };
		6C8600011521A2A20086B538 /* AppDelegate.h */ = {isa = PBXFileReference; lastKnownFileType = sourcecode.c.h; path = AppDelegate.h; sourceTree = "<group>"; };
		6C8600021521A2A20086B538 /* AppDelegate.m */ = {isa = PBXFileReference; lastKnownFileType = sourcecode.c.objc; path = AppDelegate.m; sourceTree = "<group>"; };
		6C8600091521A3260086B538 /* Default.png */ = {isa = PBXFileReference; lastKnownFileType = image.png; path = Default.png; sourceTree = "<group>"; };
		6C86000B1521A3390086B538 /* Icon.png */ = {isa = PBXFileReference; lastKnownFileType = image.png; path = Icon.png; sourceTree = "<group>"; };
		6C86FFEE1521A2A20086B538 /* Demo.app */ = {isa = PBXFileReference; explicitFileType = wrapper.application; includeInIndex = 0; path = Demo.app; sourceTree = BUILT_PRODUCTS_DIR; };
		6C86FFF21521A2A20086B538 /* UIKit.framework */ = {isa = PBXFileReference; lastKnownFileType = wrapper.framework; name = UIKit.framework; path = System/Library/Frameworks/UIKit.framework; sourceTree = SDKROOT; };
		6C86FFF41521A2A20086B538 /* Foundation.framework */ = {isa = PBXFileReference; lastKnownFileType = wrapper.framework; name = Foundation.framework; path = System/Library/Frameworks/Foundation.framework; sourceTree = SDKROOT; };
		6C86FFF61521A2A20086B538 /* CoreGraphics.framework */ = {isa = PBXFileReference; lastKnownFileType = wrapper.framework; name = CoreGraphics.framework; path = System/Library/Frameworks/CoreGraphics.framework; sourceTree = SDKROOT; };
		6C86FFFA1521A2A20086B538 /* Demo-Info.plist */ = {isa = PBXFileReference; lastKnownFileType = text.plist.xml; path = "Demo-Info.plist"; sourceTree = "<group>"; };
		6C86FFFC1521A2A20086B538 /* en */ = {isa = PBXFileReference; lastKnownFileType = text.plist.strings; name = en; path = en.lproj/InfoPlist.strings; sourceTree = "<group>"; };
		6C86FFFE1521A2A20086B538 /* main.m */ = {isa = PBXFileReference; lastKnownFileType = sourcecode.c.objc; path = main.m; sourceTree = "<group>"; };
/* End PBXFileReference section */

/* Begin PBXFrameworksBuildPhase section */
		6C86FFEB1521A2A20086B538 /* Frameworks */ = {
			isa = PBXFrameworksBuildPhase;
			buildActionMask = 2147483647;
			files = (
				6C86FFF31521A2A20086B538 /* UIKit.framework in Frameworks */,
				6C86FFF51521A2A20086B538 /* Foundation.framework in Frameworks */,
				6C86FFF71521A2A20086B538 /* CoreGraphics.framework in Frameworks */,
			);
			runOnlyForDeploymentPostprocessing = 0;
		};
/* End PBXFrameworksBuildPhase section */

/* Begin PBXGroup section */
		6C86FFE31521A2A20086B538 = {
			isa = PBXGroup;
			children = (
				6C86FFF81521A2A20086B538 /* Demo */,
				6C86FFF11521A2A20086B538 /* Frameworks */,
				6C86FFEF1521A2A20086B538 /* Products */,
			);
			sourceTree = "<group>";
		};
		6C86FFEF1521A2A20086B538 /* Products */ = {
			isa = PBXGroup;
			children = (
				6C86FFEE1521A2A20086B538 /* Demo.app */,
			);
			name = Products;
			sourceTree = "<group>";
		};
		6C86FFF11521A2A20086B538 /* Frameworks */ = {
			isa = PBXGroup;
			children = (
				6C86FFF21521A2A20086B538 /* UIKit.framework */,
				6C86FFF41521A2A20086B538 /* Foundation.framework */,
				6C86FFF61521A2A20086B538 /* CoreGraphics.framework */,
			);
			name = Frameworks;
			sourceTree = "<group>";
		};
		6C86FFF81521A2A20086B538 /* Demo */ = {
			isa = PBXGroup;
			children = (
				6C8600011521A2A20086B538 /* AppDelegate.h */,
				6C8600021521A2A20086B538 /* AppDelegate.m */,
				6C86FFF91521A2A20086B538 /* Supporting Files */,
			);
			path = Demo;
			sourceTree = "<group>";
		};
		6C86FFF91521A2A20086B538 /* Supporting Files */ = {
			isa = PBXGroup;
			children = (
				6C86000B1521A3390086B538 /* Icon.png */,
				6C8600091521A3260086B538 /* Default.png */,
				6C86FFFA1521A2A20086B538 /* Demo-Info.plist */,
				6C86FFFB1521A2A20086B538 /* InfoPlist.strings */,
				6C86FFFE1521A2A20086B538 /* main.m */,
				6C8600001521A2A20086B538 /* Demo-Prefix.pch */,
			);
			name = "Supporting Files";
			sourceTree = "<group>";
		};
/* End PBXGroup section */

/* Begin PBXNativeTarget section */
		6C86FFED1521A2A20086B538 /* Demo */ = {
			isa = PBXNativeTarget;
			buildConfigurationList = 6C8600061521A2A20086B538 /* Build configuration list for PBXNativeTarget "Demo" */;
			buildPhases = (
				6C86FFEA1521A2A20086B538 /* Sources */,
				6C86FFEB1521A2A20086B538 /* Frameworks */,
				6C86FFEC1521A2A20086B538 /* Resources */,
			);
			buildRules = (
			);
			dependencies = (
			);
			name = Demo;
			productName = Demo;
			productReference = 6C86FFEE1521A2A20086B538 /* Demo.app */;
			productType = "com.apple.product-type.application";
		};
/* End PBXNativeTarget section */

/* Begin PBXProject section */
		6C86FFE51521A2A20086B538 /* Project object */ = {
			isa = PBXProject;
			attributes = {
				LastUpgradeCheck = 0430;
			};
			buildConfigurationList = 6C86FFE81521A2A20086B538 /* Build configuration list for PBXProject "Demo" */;
			compatibilityVersion = "Xcode 3.2";
			developmentRegion = English;
			hasScannedForEncodings = 0;
			knownRegions = (
				en,
			);
			mainGroup = 6C86FFE31521A2A20086B538;
			productRefGroup = 6C86FFEF1521A2A20086B538 /* Products */;
			projectDirPath = "";
			projectRoot = "";
			targets = (
				6C86FFED1521A2A20086B538 /* Demo */,
			);
		};
/* End PBXProject section */

/* Begin PBXResourcesBuildPhase section */
		6C86FFEC1521A2A20086B538 /* Resources */ = {
			isa = PBXResourcesBuildPhase;
			buildActionMask = 2147483647;
			files = (
				6C86FFFD1521A2A20086B538 /* InfoPlist.strings in Resources */,
				6C86000A1521A3260086B538 /* Default.png in Resources */,
				6C86000C1521A3390086B538 /* Icon.png in Resources */,
			);
			runOnlyForDeploymentPostprocessing = 0;
		};
/* End PBXResourcesBuildPhase section */

/* Begin PBXSourcesBuildPhase section */
		6C86FFEA1521A2A20086B538 /* Sources */ = {
			isa = PBXSourcesBuildPhase;
			buildActionMask = 2147483647;
			files = (
				6C86FFFF1521A2A20086B538 /* main.m in Sources */,
				6C8600031521A2A20086B538 /* AppDelegate.m in Sources */,
			);
			runOnlyForDeploymentPostprocessing = 0;
		};
/* End PBXSourcesBuildPhase section */

/* Begin PBXVariantGroup section */
		6C86FFFB1521A2A20086B538 /* InfoPlist.strings */ = {
			isa = PBXVariantGroup;
			children = (
				6C86FFFC1521A2A20086B538 /* en */,
			);
			name = InfoPlist.strings;
			sourceTree = "<group>";
		};
/* End PBXVariantGroup section */

/* Begin XCBuildConfiguration section */
		6C8600041521A2A20086B538 /* Debug */ = {
			isa = XCBuildConfiguration;
			buildSettings = {
				ALWAYS_SEARCH_USER_PATHS = NO;
				ARCHS = "$(ARCHS_STANDARD_32_BIT)";
				"CODE_SIGN_IDENTITY[sdk=iphoneos*]" = "iPhone Developer";
				COPY_PHASE_STRIP = NO;
				GCC_C_LANGUAGE_STANDARD = gnu99;
				GCC_DYNAMIC_NO_PIC = NO;
				GCC_OPTIMIZATION_LEVEL = 0;
				GCC_PREPROCESSOR_DEFINITIONS = (
					"DEBUG=1",
					"$(inherited)",
				);
				GCC_SYMBOLS_PRIVATE_EXTERN = NO;
				GCC_VERSION = com.apple.compilers.llvm.clang.1_0;
				GCC_WARN_ABOUT_RETURN_TYPE = YES;
				GCC_WARN_UNINITIALIZED_AUTOS = YES;
				GCC_WARN_UNUSED_VARIABLE = YES;
				IPHONEOS_DEPLOYMENT_TARGET = 5.0;
				SDKROOT = iphoneos;
			};
			name = Debug;
		};
		6C8600051521A2A20086B538 /* Release */ = {
			isa = XCBuildConfiguration;
			buildSettings = {
				ALWAYS_SEARCH_USER_PATHS = NO;
				ARCHS = "$(ARCHS_STANDARD_32_BIT)";
				"CODE_SIGN_IDENTITY[sdk=iphoneos*]" = "iPhone Developer";
				COPY_PHASE_STRIP = YES;
				GCC_C_LANGUAGE_STANDARD = gnu99;
				GCC_VERSION = com.apple.compilers.llvm.clang.1_0;
				GCC_WARN_ABOUT_RETURN_TYPE = YES;
				GCC_WARN_UNINITIALIZED_AUTOS = YES;
				GCC_WARN_UNUSED_VARIABLE = YES;
				IPHONEOS_DEPLOYMENT_TARGET = 5.0;
				OTHER_CFLAGS = "-DNS_BLOCK_ASSERTIONS=1";
				SDKROOT = iphoneos;
				VALIDATE_PRODUCT = YES;
			};
			name = Release;
		};
		6C8600071521A2A20086B538 /* Debug */ = {
			isa = XCBuildConfiguration;
			buildSettings = {
				GCC_PRECOMPILE_PREFIX_HEADER = YES;
				GCC_PREFIX_HEADER = "Demo/Demo-Prefix.pch";
				INFOPLIST_FILE = "Demo/Demo-Info.plist";
				PRODUCT_NAME = "$(TARGET_NAME)";
				WRAPPER_EXTENSION = app;
			};
			name = Debug;
		};
		6C8600081521A2A20086B538 /* Release */ = {
			isa = XCBuildConfiguration;
			buildSettings = {
				GCC_PRECOMPILE_PREFIX_HEADER = YES;
				GCC_PREFIX_HEADER = "Demo/Demo-Prefix.pch";
				INFOPLIST_FILE = "Demo/Demo-Info.plist";
				PRODUCT_NAME = "$(TARGET_NAME)";
				WRAPPER_EXTENSION = app;
			};
			name = Release;
		};
/* End XCBuildConfiguration section */

/* Begin XCConfigurationList section */
		6C8600061521A2A20086B538 /* Build configuration list for PBXNativeTarget "Demo" */ = {
			isa = XCConfigurationList;
			buildConfigurations = (
				6C8600071521A2A20086B538 /* Debug */,
				6C8600081521A2A20086B538 /* Release */,
			);
			defaultConfigurationIsVisible = 0;
		};
		6C86FFE81521A2A20086B538 /* Build configuration list for PBXProject "Demo" */ = {
			isa = XCConfigurationList;
			buildConfigurations = (
				6C8600041521A2A20086B538 /* Debug */,
				6C8600051521A2A20086B538 /* Release */,
			);
			defaultConfigurationIsVisible = 0;
			defaultConfigurationName = Release;
		};
/* End XCConfigurationList section */
	};
	rootObject = 6C86FFE51521A2A20086B538 /* Project object */;
}
